
Microsoft Visual Studio Solution File, Format Version 12.00
# Visual Studio 15
VisualStudioVersion = 15.0.27004.2009
MinimumVisualStudioVersion = 10.0.40219.1
Project("{FAE04EC0-301F-11D3-BF4B-00C04F79EFBC}") = "Westman_Christopher_FinalProject", "Westman_Christopher_FinalProject\Westman_Christopher_FinalProject.csproj", "{97FFB02A-93BB-4D9E-9013-69654DEABB79}"
EndProject
Global
	GlobalSection(SolutionConfigurationPlatforms) = preSolution
		Debug|Any CPU = Debug|Any CPU
		Release|Any CPU = Release|Any CPU
	EndGlobalSection
	GlobalSection(ProjectConfigurationPlatforms) = postSolution
		{97FFB02A-93BB-4D9E-9013-69654DEABB79}.Debug|Any CPU.ActiveCfg = Debug|Any CPU
		{97FFB02A-93BB-4D9E-9013-69654DEABB79}.Debug|Any CPU.Build.0 = Debug|Any CPU
		{97FFB02A-93BB-4D9E-9013-69654DEABB79}.Release|Any CPU.ActiveCfg = Release|Any CPU
		{97FFB02A-93BB-4D9E-9013-69654DEABB79}.Release|Any CPU.Build.0 = Release|Any CPU
	EndGlobalSection
	GlobalSection(SolutionProperties) = preSolution
		HideSolutionNode = FALSE
	EndGlobalSection
	GlobalSection(ExtensibilityGlobals) = postSolution
		SolutionGuid = {77FCA5D5-EF24-437F-9C17-10A1B817B202}
	EndGlobalSection
EndGlobal
